
Microsoft Visual Studio Solution File, Format Version 12.00
# Visual Studio Version 17
VisualStudioVersion = 17.6.33829.357
MinimumVisualStudioVersion = 10.0.40219.1
Project("{8BC9CEB8-8B4A-11D0-8D11-00A0C91BC942}") = "bookshop", "bookshop\bookshop.vcxproj", "{51174140-9722-4558-A1BF-0E511463D3D2}"
EndProject
Global
	GlobalSection(SolutionConfigurationPlatforms) = preSolution
		Debug|x64 = Debug|x64
		Debug|x86 = Debug|x86
		Release|x64 = Release|x64
		Release|x86 = Release|x86
	EndGlobalSection
	GlobalSection(ProjectConfigurationPlatforms) = postSolution
		{51174140-9722-4558-A1BF-0E511463D3D2}.Debug|x64.ActiveCfg = Debug|x64
		{51174140-9722-4558-A1BF-0E511463D3D2}.Debug|x64.Build.0 = Debug|x64
		{51174140-9722-4558-A1BF-0E511463D3D2}.Debug|x86.ActiveCfg = Debug|Win32
		{51174140-9722-4558-A1BF-0E511463D3D2}.Debug|x86.Build.0 = Debug|Win32
		{51174140-9722-4558-A1BF-0E511463D3D2}.Release|x64.ActiveCfg = Release|x64
		{51174140-9722-4558-A1BF-0E511463D3D2}.Release|x64.Build.0 = Release|x64
		{51174140-9722-4558-A1BF-0E511463D3D2}.Release|x86.ActiveCfg = Release|Win32
		{51174140-9722-4558-A1BF-0E511463D3D2}.Release|x86.Build.0 = Release|Win32
	EndGlobalSection
	GlobalSection(SolutionProperties) = preSolution
		HideSolutionNode = FALSE
	EndGlobalSection
	GlobalSection(ExtensibilityGlobals) = postSolution
		SolutionGuid = {E7DEE459-37A1-4AC6-87D4-6E44BC00A049}
	EndGlobalSection
EndGlobal
